// !$*UTF8*$!
{
	archiveVersion = 1;
	classes = {
	};
	objectVersion = 46;
	objects = {

/* Begin PBXBuildFile section */
		76411672156BCFD2007DC4FD /* libpurple.framework in Frameworks */ = {isa = PBXBuildFile; fileRef = 76411671156BCFD2007DC4FD /* libpurple.framework */; };
		76411675156BCFDE007DC4FD /* Adium.framework in Frameworks */ = {isa = PBXBuildFile; fileRef = 76411674156BCFDE007DC4FD /* Adium.framework */; };
		76411678156BCFFE007DC4FD /* libjson-glib.framework in Frameworks */ = {isa = PBXBuildFile; fileRef = 76411677156BCFFE007DC4FD /* libjson-glib.framework */; };
		76411682156BD01D007DC4FD /* libsteam.c in Sources */ = {isa = PBXBuildFile; fileRef = 7641167D156BD01D007DC4FD /* libsteam.c */; };
		76411683156BD01D007DC4FD /* steam_connection.c in Sources */ = {isa = PBXBuildFile; fileRef = 7641167F156BD01D007DC4FD /* steam_connection.c */; };
		76411685156BD031007DC4FD /* libglib.framework in Frameworks */ = {isa = PBXBuildFile; fileRef = 76411684156BD031007DC4FD /* libglib.framework */; };
		76411687156BD0ED007DC4FD /* libintl.framework in Frameworks */ = {isa = PBXBuildFile; fileRef = 76411686156BD0ED007DC4FD /* libintl.framework */; };
		76411692156BD468007DC4FD /* AISTPlugin.m in Sources */ = {isa = PBXBuildFile; fileRef = 76411691156BD468007DC4FD /* AISTPlugin.m */; };
		764116A2156BD716007DC4FD /* AISTService.m in Sources */ = {isa = PBXBuildFile; fileRef = 764116A1156BD716007DC4FD /* AISTService.m */; };
		764116A5156BD803007DC4FD /* AISTSteamAccount.m in Sources */ = {isa = PBXBuildFile; fileRef = 764116A4156BD803007DC4FD /* AISTSteamAccount.m */; };
		764116A7156BD941007DC4FD /* AdiumLibpurple.framework in Frameworks */ = {isa = PBXBuildFile; fileRef = 764116A6156BD941007DC4FD /* AdiumLibpurple.framework */; };
		764116AB156BDF00007DC4FD /* large.png in Resources */ = {isa = PBXBuildFile; fileRef = 764116A9156BDF00007DC4FD /* large.png */; };
		764116AC156BDF00007DC4FD /* small.png in Resources */ = {isa = PBXBuildFile; fileRef = 764116AA156BDF00007DC4FD /* small.png */; };
		76848A88156BCDF1006D1E50 /* Cocoa.framework in Frameworks */ = {isa = PBXBuildFile; fileRef = 76848A87156BCDF1006D1E50 /* Cocoa.framework */; };
		76848A92156BCDF1006D1E50 /* InfoPlist.strings in Resources */ = {isa = PBXBuildFile; fileRef = 76848A90156BCDF1006D1E50 /* InfoPlist.strings */; };
/* End PBXBuildFile section */

/* Begin PBXFileReference section */
		76411671156BCFD2007DC4FD /* libpurple.framework */ = {isa = PBXFileReference; lastKnownFileType = wrapper.framework; name = libpurple.framework; path = ../adium3/Frameworks/libpurple.framework; sourceTree = "<group>"; };
		76411674156BCFDE007DC4FD /* Adium.framework */ = {isa = PBXFileReference; lastKnownFileType = wrapper.framework; name = Adium.framework; path = ../adium3/build/Debug/Adium.framework; sourceTree = "<group>"; };
		76411677156BCFFE007DC4FD /* libjson-glib.framework */ = {isa = PBXFileReference; lastKnownFileType = wrapper.framework; name = "libjson-glib.framework"; path = "../adium3/Frameworks/libjson-glib.framework"; sourceTree = "<group>"; };
		76411679156BD00F007DC4FD /* libsteamworks.cpp */ = {isa = PBXFileReference; lastKnownFileType = sourcecode.cpp.cpp; name = libsteamworks.cpp; path = "pidgin-opensteamworks/libsteamworks.cpp"; sourceTree = "<group>"; };
		7641167A156BD00F007DC4FD /* libsteamworks.h */ = {isa = PBXFileReference; lastKnownFileType = sourcecode.c.h; name = libsteamworks.h; path = "pidgin-opensteamworks/libsteamworks.h"; sourceTree = "<group>"; };
		7641167D156BD01D007DC4FD /* libsteam.c */ = {isa = PBXFileReference; fileEncoding = 4; lastKnownFileType = sourcecode.c.c; path = libsteam.c; sourceTree = "<group>"; };
		7641167E156BD01D007DC4FD /* libsteam.h */ = {isa = PBXFileReference; fileEncoding = 4; lastKnownFileType = sourcecode.c.h; path = libsteam.h; sourceTree = "<group>"; };
		7641167F156BD01D007DC4FD /* steam_connection.c */ = {isa = PBXFileReference; fileEncoding = 4; lastKnownFileType = sourcecode.c.c; path = steam_connection.c; sourceTree = "<group>"; };
		76411680156BD01D007DC4FD /* steam_connection.h */ = {isa = PBXFileReference; fileEncoding = 4; lastKnownFileType = sourcecode.c.h; path = steam_connection.h; sourceTree = "<group>"; };
		76411684156BD031007DC4FD /* libglib.framework */ = {isa = PBXFileReference; lastKnownFileType = wrapper.framework; name = libglib.framework; path = ../adium3/Frameworks/libglib.framework; sourceTree = "<group>"; };
		76411686156BD0ED007DC4FD /* libintl.framework */ = {isa = PBXFileReference; lastKnownFileType = wrapper.framework; name = libintl.framework; path = ../adium3/Frameworks/libintl.framework; sourceTree = "<group>"; };
		76411690156BD468007DC4FD /* AISTPlugin.h */ = {isa = PBXFileReference; fileEncoding = 4; lastKnownFileType = sourcecode.c.h; name = AISTPlugin.h; path = Source/AISTPlugin.h; sourceTree = SOURCE_ROOT; };
		76411691156BD468007DC4FD /* AISTPlugin.m */ = {isa = PBXFileReference; fileEncoding = 4; lastKnownFileType = sourcecode.c.objc; name = AISTPlugin.m; path = Source/AISTPlugin.m; sourceTree = SOURCE_ROOT; };
		764116A0156BD716007DC4FD /* AISTService.h */ = {isa = PBXFileReference; fileEncoding = 4; lastKnownFileType = sourcecode.c.h; name = AISTService.h; path = Source/AISTService.h; sourceTree = SOURCE_ROOT; };
		764116A1156BD716007DC4FD /* AISTService.m */ = {isa = PBXFileReference; fileEncoding = 4; lastKnownFileType = sourcecode.c.objc; name = AISTService.m; path = Source/AISTService.m; sourceTree = SOURCE_ROOT; };
		764116A3156BD803007DC4FD /* AISTSteamAccount.h */ = {isa = PBXFileReference; fileEncoding = 4; lastKnownFileType = sourcecode.c.h; name = AISTSteamAccount.h; path = Source/AISTSteamAccount.h; sourceTree = SOURCE_ROOT; };
		764116A4156BD803007DC4FD /* AISTSteamAccount.m */ = {isa = PBXFileReference; fileEncoding = 4; lastKnownFileType = sourcecode.c.objc; name = AISTSteamAccount.m; path = Source/AISTSteamAccount.m; sourceTree = SOURCE_ROOT; };
		764116A6156BD941007DC4FD /* AdiumLibpurple.framework */ = {isa = PBXFileReference; lastKnownFileType = wrapper.framework; name = AdiumLibpurple.framework; path = ../adium3/build/Debug/AdiumLibpurple.framework; sourceTree = "<group>"; };
		764116A9156BDF00007DC4FD /* large.png */ = {isa = PBXFileReference; lastKnownFileType = image.png; path = large.png; sourceTree = "<group>"; };
		764116AA156BDF00007DC4FD /* small.png */ = {isa = PBXFileReference; lastKnownFileType = image.png; path = small.png; sourceTree = "<group>"; };
		76848A84156BCDF1006D1E50 /* Steamium.adiumLibpurplePlugin */ = {isa = PBXFileReference; explicitFileType = wrapper.cfbundle; includeInIndex = 0; path = Steamium.adiumLibpurplePlugin; sourceTree = BUILT_PRODUCTS_DIR; };
		76848A87156BCDF1006D1E50 /* Cocoa.framework */ = {isa = PBXFileReference; lastKnownFileType = wrapper.framework; name = Cocoa.framework; path = System/Library/Frameworks/Cocoa.framework; sourceTree = SDKROOT; };
		76848A8A156BCDF1006D1E50 /* AppKit.framework */ = {isa = PBXFileReference; lastKnownFileType = wrapper.framework; name = AppKit.framework; path = System/Library/Frameworks/AppKit.framework; sourceTree = SDKROOT; };
		76848A8B156BCDF1006D1E50 /* CoreData.framework */ = {isa = PBXFileReference; lastKnownFileType = wrapper.framework; name = CoreData.framework; path = System/Library/Frameworks/CoreData.framework; sourceTree = SDKROOT; };
		76848A8C156BCDF1006D1E50 /* Foundation.framework */ = {isa = PBXFileReference; lastKnownFileType = wrapper.framework; name = Foundation.framework; path = System/Library/Frameworks/Foundation.framework; sourceTree = SDKROOT; };
		76848A8F156BCDF1006D1E50 /* Steamium-Info.plist */ = {isa = PBXFileReference; lastKnownFileType = text.plist.xml; path = "Steamium-Info.plist"; sourceTree = "<group>"; };
		76848A91156BCDF1006D1E50 /* en */ = {isa = PBXFileReference; lastKnownFileType = text.plist.strings; name = en; path = en.lproj/InfoPlist.strings; sourceTree = "<group>"; };
		76848A93156BCDF1006D1E50 /* Steamium-Prefix.pch */ = {isa = PBXFileReference; lastKnownFileType = sourcecode.c.h; path = "Steamium-Prefix.pch"; sourceTree = "<group>"; };
/* End PBXFileReference section */

/* Begin PBXFrameworksBuildPhase section */
		76848A81156BCDF1006D1E50 /* Frameworks */ = {
			isa = PBXFrameworksBuildPhase;
			buildActionMask = 2147483647;
			files = (
				76848A88156BCDF1006D1E50 /* Cocoa.framework in Frameworks */,
				76411672156BCFD2007DC4FD /* libpurple.framework in Frameworks */,
				76411675156BCFDE007DC4FD /* Adium.framework in Frameworks */,
				76411678156BCFFE007DC4FD /* libjson-glib.framework in Frameworks */,
				76411685156BD031007DC4FD /* libglib.framework in Frameworks */,
				76411687156BD0ED007DC4FD /* libintl.framework in Frameworks */,
				764116A7156BD941007DC4FD /* AdiumLibpurple.framework in Frameworks */,
			);
			runOnlyForDeploymentPostprocessing = 0;
		};
/* End PBXFrameworksBuildPhase section */

/* Begin PBXGroup section */
		76411676156BCFED007DC4FD /* pidgin-opensteamworks */ = {
			isa = PBXGroup;
			children = (
				76411679156BD00F007DC4FD /* libsteamworks.cpp */,
				7641167A156BD00F007DC4FD /* libsteamworks.h */,
				7641167B156BD01D007DC4FD /* steam-mobile */,
			);
			name = "pidgin-opensteamworks";
			sourceTree = "<group>";
		};
		7641167B156BD01D007DC4FD /* steam-mobile */ = {
			isa = PBXGroup;
			children = (
				7641167D156BD01D007DC4FD /* libsteam.c */,
				7641167E156BD01D007DC4FD /* libsteam.h */,
				7641167F156BD01D007DC4FD /* steam_connection.c */,
				76411680156BD01D007DC4FD /* steam_connection.h */,
			);
			name = "steam-mobile";
			path = "pidgin-opensteamworks/steam-mobile";
			sourceTree = "<group>";
		};
		764116A8156BDF00007DC4FD /* Resources */ = {
			isa = PBXGroup;
			children = (
				764116A9156BDF00007DC4FD /* large.png */,
				764116AA156BDF00007DC4FD /* small.png */,
			);
			path = Resources;
			sourceTree = "<group>";
		};
		76848A79156BCDF1006D1E50 = {
			isa = PBXGroup;
			children = (
				76411676156BCFED007DC4FD /* pidgin-opensteamworks */,
				76848A8D156BCDF1006D1E50 /* Steamium */,
				764116A8156BDF00007DC4FD /* Resources */,
				76848A86156BCDF1006D1E50 /* Frameworks */,
				76848A85156BCDF1006D1E50 /* Products */,
			);
			sourceTree = "<group>";
		};
		76848A85156BCDF1006D1E50 /* Products */ = {
			isa = PBXGroup;
			children = (
				76848A84156BCDF1006D1E50 /* Steamium.adiumLibpurplePlugin */,
			);
			name = Products;
			sourceTree = "<group>";
		};
		76848A86156BCDF1006D1E50 /* Frameworks */ = {
			isa = PBXGroup;
			children = (
				764116A6156BD941007DC4FD /* AdiumLibpurple.framework */,
				76411686156BD0ED007DC4FD /* libintl.framework */,
				76411684156BD031007DC4FD /* libglib.framework */,
				76411677156BCFFE007DC4FD /* libjson-glib.framework */,
				76411674156BCFDE007DC4FD /* Adium.framework */,
				76411671156BCFD2007DC4FD /* libpurple.framework */,
				76848A87156BCDF1006D1E50 /* Cocoa.framework */,
				76848A89156BCDF1006D1E50 /* Other Frameworks */,
			);
			name = Frameworks;
			sourceTree = "<group>";
		};
		76848A89156BCDF1006D1E50 /* Other Frameworks */ = {
			isa = PBXGroup;
			children = (
				76848A8A156BCDF1006D1E50 /* AppKit.framework */,
				76848A8B156BCDF1006D1E50 /* CoreData.framework */,
				76848A8C156BCDF1006D1E50 /* Foundation.framework */,
			);
			name = "Other Frameworks";
			sourceTree = "<group>";
		};
		76848A8D156BCDF1006D1E50 /* Steamium */ = {
			isa = PBXGroup;
			children = (
				76848A8E156BCDF1006D1E50 /* Supporting Files */,
				76411690156BD468007DC4FD /* AISTPlugin.h */,
				76411691156BD468007DC4FD /* AISTPlugin.m */,
				764116A0156BD716007DC4FD /* AISTService.h */,
				764116A1156BD716007DC4FD /* AISTService.m */,
				764116A3156BD803007DC4FD /* AISTSteamAccount.h */,
				764116A4156BD803007DC4FD /* AISTSteamAccount.m */,
			);
			path = Steamium;
			sourceTree = "<group>";
		};
		76848A8E156BCDF1006D1E50 /* Supporting Files */ = {
			isa = PBXGroup;
			children = (
				76848A8F156BCDF1006D1E50 /* Steamium-Info.plist */,
				76848A90156BCDF1006D1E50 /* InfoPlist.strings */,
				76848A93156BCDF1006D1E50 /* Steamium-Prefix.pch */,
			);
			name = "Supporting Files";
			sourceTree = "<group>";
		};
/* End PBXGroup section */

/* Begin PBXNativeTarget section */
		76848A83156BCDF1006D1E50 /* Steamium */ = {
			isa = PBXNativeTarget;
			buildConfigurationList = 76848A96156BCDF1006D1E50 /* Build configuration list for PBXNativeTarget "Steamium" */;
			buildPhases = (
				76848A80156BCDF1006D1E50 /* Sources */,
				76848A81156BCDF1006D1E50 /* Frameworks */,
				76848A82156BCDF1006D1E50 /* Resources */,
			);
			buildRules = (
			);
			dependencies = (
			);
			name = Steamium;
			productName = Steamium;
			productReference = 76848A84156BCDF1006D1E50 /* Steamium.adiumLibpurplePlugin */;
			productType = "com.apple.product-type.bundle";
		};
/* End PBXNativeTarget section */

/* Begin PBXProject section */
		76848A7B156BCDF1006D1E50 /* Project object */ = {
			isa = PBXProject;
			attributes = {
				LastUpgradeCheck = 0430;
			};
			buildConfigurationList = 76848A7E156BCDF1006D1E50 /* Build configuration list for PBXProject "Steamium" */;
			compatibilityVersion = "Xcode 3.2";
			developmentRegion = English;
			hasScannedForEncodings = 0;
			knownRegions = (
				en,
			);
			mainGroup = 76848A79156BCDF1006D1E50;
			productRefGroup = 76848A85156BCDF1006D1E50 /* Products */;
			projectDirPath = "";
			projectRoot = "";
			targets = (
				76848A83156BCDF1006D1E50 /* Steamium */,
			);
		};
/* End PBXProject section */

/* Begin PBXResourcesBuildPhase section */
		76848A82156BCDF1006D1E50 /* Resources */ = {
			isa = PBXResourcesBuildPhase;
			buildActionMask = 2147483647;
			files = (
				76848A92156BCDF1006D1E50 /* InfoPlist.strings in Resources */,
				764116AB156BDF00007DC4FD /* large.png in Resources */,
				764116AC156BDF00007DC4FD /* small.png in Resources */,
			);
			runOnlyForDeploymentPostprocessing = 0;
		};
/* End PBXResourcesBuildPhase section */

/* Begin PBXSourcesBuildPhase section */
		76848A80156BCDF1006D1E50 /* Sources */ = {
			isa = PBXSourcesBuildPhase;
			buildActionMask = 2147483647;
			files = (
				76411682156BD01D007DC4FD /* libsteam.c in Sources */,
				76411683156BD01D007DC4FD /* steam_connection.c in Sources */,
				76411692156BD468007DC4FD /* AISTPlugin.m in Sources */,
				764116A2156BD716007DC4FD /* AISTService.m in Sources */,
				764116A5156BD803007DC4FD /* AISTSteamAccount.m in Sources */,
			);
			runOnlyForDeploymentPostprocessing = 0;
		};
/* End PBXSourcesBuildPhase section */

/* Begin PBXVariantGroup section */
		76848A90156BCDF1006D1E50 /* InfoPlist.strings */ = {
			isa = PBXVariantGroup;
			children = (
				76848A91156BCDF1006D1E50 /* en */,
			);
			name = InfoPlist.strings;
			sourceTree = "<group>";
		};
/* End PBXVariantGroup section */

/* Begin XCBuildConfiguration section */
		76848A94156BCDF1006D1E50 /* Debug */ = {
			isa = XCBuildConfiguration;
			buildSettings = {
				ALWAYS_SEARCH_USER_PATHS = NO;
				ARCHS = "$(ARCHS_STANDARD_64_BIT)";
				COPY_PHASE_STRIP = NO;
				GCC_C_LANGUAGE_STANDARD = gnu99;
				GCC_DYNAMIC_NO_PIC = NO;
				GCC_ENABLE_OBJC_EXCEPTIONS = YES;
				GCC_OPTIMIZATION_LEVEL = 0;
				GCC_PREPROCESSOR_DEFINITIONS = (
					"DEBUG=1",
					"$(inherited)",
				);
				GCC_SYMBOLS_PRIVATE_EXTERN = NO;
				GCC_VERSION = com.apple.compilers.llvm.clang.1_0;
				GCC_WARN_64_TO_32_BIT_CONVERSION = YES;
				GCC_WARN_ABOUT_RETURN_TYPE = YES;
				GCC_WARN_UNINITIALIZED_AUTOS = YES;
				GCC_WARN_UNUSED_VARIABLE = YES;
				MACOSX_DEPLOYMENT_TARGET = 10.6;
				ONLY_ACTIVE_ARCH = YES;
				SDKROOT = macosx10.6;
			};
			name = Debug;
		};
		76848A95156BCDF1006D1E50 /* Release */ = {
			isa = XCBuildConfiguration;
			buildSettings = {
				ALWAYS_SEARCH_USER_PATHS = NO;
				ARCHS = "$(ARCHS_STANDARD_64_BIT)";
				COPY_PHASE_STRIP = YES;
				DEBUG_INFORMATION_FORMAT = "dwarf-with-dsym";
				GCC_C_LANGUAGE_STANDARD = gnu99;
				GCC_ENABLE_OBJC_EXCEPTIONS = YES;
				GCC_VERSION = com.apple.compilers.llvm.clang.1_0;
				GCC_WARN_64_TO_32_BIT_CONVERSION = YES;
				GCC_WARN_ABOUT_RETURN_TYPE = YES;
				GCC_WARN_UNINITIALIZED_AUTOS = YES;
				GCC_WARN_UNUSED_VARIABLE = YES;
				MACOSX_DEPLOYMENT_TARGET = 10.6;
				SDKROOT = macosx10.6;
			};
			name = Release;
		};
		76848A97156BCDF1006D1E50 /* Debug */ = {
			isa = XCBuildConfiguration;
			buildSettings = {
				FRAMEWORK_SEARCH_PATHS = (
					"$(inherited)",
					"\"$(SRCROOT)/../adium3/Frameworks\"",
					"\"$(SRCROOT)/../adium3/build/Debug\"",
				);
				GCC_PRECOMPILE_PREFIX_HEADER = YES;
				GCC_PREFIX_HEADER = "Steamium/Steamium-Prefix.pch";
				HEADER_SEARCH_PATHS = (
					"\"$(SRCROOT)/../adium3/Frameworks/libglib.framework/Headers\"",
					"\"$(SRCROOT)/../adium3/Frameworks/libjson-glib.framework/Headers\"",
				);
				INFOPLIST_FILE = "Steamium/Steamium-Info.plist";
				INSTALL_PATH = "“$(HOME)/Library/Application Support/Adium 2.0/PlugIns/”";
				OTHER_CFLAGS = "-DPURPLE_STATIC_PRPL";
				OTHER_LDFLAGS = (
					"-lz",
					"-undefined",
					dynamic_lookup,
				);
				PRODUCT_NAME = "$(TARGET_NAME)";
				WRAPPER_EXTENSION = adiumLibpurplePlugin;
			};
			name = Debug;
		};
		76848A98156BCDF1006D1E50 /* Release */ = {
			isa = XCBuildConfiguration;
			buildSettings = {
				FRAMEWORK_SEARCH_PATHS = (
					"$(inherited)",
					"\"$(SRCROOT)/../adium3/Frameworks\"",
					"\"$(SRCROOT)/../adium3/build/Debug\"",
				);
				GCC_PRECOMPILE_PREFIX_HEADER = YES;
				GCC_PREFIX_HEADER = "Steamium/Steamium-Prefix.pch";
				HEADER_SEARCH_PATHS = (
					"\"$(SRCROOT)/../adium3/Frameworks/libglib.framework/Headers\"",
					"\"$(SRCROOT)/../adium3/Frameworks/libjson-glib.framework/Headers\"",
				);
				INFOPLIST_FILE = "Steamium/Steamium-Info.plist";
				INSTALL_PATH = "“$(HOME)/Library/Application Support/Adium 2.0/PlugIns/”";
				OTHER_CFLAGS = "-DPURPLE_STATIC_PRPL";
				OTHER_LDFLAGS = (
					"-lz",
					"-undefined",
					dynamic_lookup,
				);
				PRODUCT_NAME = "$(TARGET_NAME)";
				WRAPPER_EXTENSION = adiumLibpurplePlugin;
			};
			name = Release;
		};
/* End XCBuildConfiguration section */

/* Begin XCConfigurationList section */
		76848A7E156BCDF1006D1E50 /* Build configuration list for PBXProject "Steamium" */ = {
			isa = XCConfigurationList;
			buildConfigurations = (
				76848A94156BCDF1006D1E50 /* Debug */,
				76848A95156BCDF1006D1E50 /* Release */,
			);
			defaultConfigurationIsVisible = 0;
			defaultConfigurationName = Release;
		};
		76848A96156BCDF1006D1E50 /* Build configuration list for PBXNativeTarget "Steamium" */ = {
			isa = XCConfigurationList;
			buildConfigurations = (
				76848A97156BCDF1006D1E50 /* Debug */,
				76848A98156BCDF1006D1E50 /* Release */,
			);
			defaultConfigurationIsVisible = 0;
			defaultConfigurationName = Release;
		};
/* End XCConfigurationList section */
	};
	rootObject = 76848A7B156BCDF1006D1E50 /* Project object */;
}
